// !$*UTF8*$!
{
	archiveVersion = 1;
	classes = {
	};
	objectVersion = 52;
	objects = {

/* Begin PBXBuildFile section */
		1E35C4E324EC8AF80086D25C /* CollectionViewCell.swift in Sources */ = {isa = PBXBuildFile; fileRef = 1E35C4E224EC8AF80086D25C /* CollectionViewCell.swift */; };
		1E35C4E424EC8AF80086D25C /* CollectionViewCell.swift in Sources */ = {isa = PBXBuildFile; fileRef = 1E35C4E224EC8AF80086D25C /* CollectionViewCell.swift */; };
		1E4AD20F24E867A20051CA4C /* TasksViewModel.swift in Sources */ = {isa = PBXBuildFile; fileRef = 1E4AD20E24E867A20051CA4C /* TasksViewModel.swift */; };
		1E4AD21024E867A20051CA4C /* TasksViewModel.swift in Sources */ = {isa = PBXBuildFile; fileRef = 1E4AD20E24E867A20051CA4C /* TasksViewModel.swift */; };
		1E4AD21624E86C1B0051CA4C /* TasksNetworkService.swift in Sources */ = {isa = PBXBuildFile; fileRef = 1E4AD21524E86C1B0051CA4C /* TasksNetworkService.swift */; };
		1E4AD21724E86C1B0051CA4C /* TasksNetworkService.swift in Sources */ = {isa = PBXBuildFile; fileRef = 1E4AD21524E86C1B0051CA4C /* TasksNetworkService.swift */; };
		1E4AD21924E86F450051CA4C /* TasksModel.swift in Sources */ = {isa = PBXBuildFile; fileRef = 1E4AD21824E86F450051CA4C /* TasksModel.swift */; };
		1E4AD21A24E86F450051CA4C /* TasksModel.swift in Sources */ = {isa = PBXBuildFile; fileRef = 1E4AD21824E86F450051CA4C /* TasksModel.swift */; };
		1E59DF9E25081FB400C06991 /* schema.graphql in Resources */ = {isa = PBXBuildFile; fileRef = 1E59DF9D25081FB400C06991 /* schema.graphql */; };
		1E59DF9F25081FB400C06991 /* schema.graphql in Resources */ = {isa = PBXBuildFile; fileRef = 1E59DF9D25081FB400C06991 /* schema.graphql */; };
		1E59DFA025081FB400C06991 /* schema.graphql in Resources */ = {isa = PBXBuildFile; fileRef = 1E59DF9D25081FB400C06991 /* schema.graphql */; };
		1E59DFA125081FB400C06991 /* schema.graphql in Resources */ = {isa = PBXBuildFile; fileRef = 1E59DF9D25081FB400C06991 /* schema.graphql */; };
		1E5FE687251432B800D08F42 /* AppleConnectClient.xcframework in Frameworks */ = {isa = PBXBuildFile; fileRef = 1E5FE686251432B800D08F42 /* AppleConnectClient.xcframework */; };
		1E5FE688251432B800D08F42 /* AppleConnectClient.xcframework in Embed Frameworks */ = {isa = PBXBuildFile; fileRef = 1E5FE686251432B800D08F42 /* AppleConnectClient.xcframework */; settings = {ATTRIBUTES = (CodeSignOnCopy, RemoveHeadersOnCopy, ); }; };
		1E9E5BD224E454AA00A67728 /* Tests_iOS.swift in Sources */ = {isa = PBXBuildFile; fileRef = 1E9E5BD124E454AA00A67728 /* Tests_iOS.swift */; };
		1E9E5BDD24E454AA00A67728 /* Tests_macOS.swift in Sources */ = {isa = PBXBuildFile; fileRef = 1E9E5BDC24E454AA00A67728 /* Tests_macOS.swift */; };
		1E9E5BDF24E454AA00A67728 /* ToDoListApp.swift in Sources */ = {isa = PBXBuildFile; fileRef = 1E9E5BB624E454A800A67728 /* ToDoListApp.swift */; };
		1E9E5BE024E454AA00A67728 /* ToDoListApp.swift in Sources */ = {isa = PBXBuildFile; fileRef = 1E9E5BB624E454A800A67728 /* ToDoListApp.swift */; };
		1E9E5BE124E454AA00A67728 /* ContentView.swift in Sources */ = {isa = PBXBuildFile; fileRef = 1E9E5BB724E454A800A67728 /* ContentView.swift */; };
		1E9E5BE224E454AA00A67728 /* ContentView.swift in Sources */ = {isa = PBXBuildFile; fileRef = 1E9E5BB724E454A800A67728 /* ContentView.swift */; };
		1E9E5BE324E454AA00A67728 /* Assets.xcassets in Resources */ = {isa = PBXBuildFile; fileRef = 1E9E5BB824E454AA00A67728 /* Assets.xcassets */; };
		1E9E5BE424E454AA00A67728 /* Assets.xcassets in Resources */ = {isa = PBXBuildFile; fileRef = 1E9E5BB824E454AA00A67728 /* Assets.xcassets */; };
		1E9E5BF524E454E000A67728 /* ButtonView.swift in Sources */ = {isa = PBXBuildFile; fileRef = 1E9E5BF424E454E000A67728 /* ButtonView.swift */; };
		1E9E5BF724E4555C00A67728 /* SearchBar.swift in Sources */ = {isa = PBXBuildFile; fileRef = 1E9E5BF624E4555C00A67728 /* SearchBar.swift */; };
		1E9E5BFA24E45E2800A67728 /* ListViewWithHeader.swift in Sources */ = {isa = PBXBuildFile; fileRef = 1E9E5BF924E45E2800A67728 /* ListViewWithHeader.swift */; };
		1E9E5BFD24E46DF600A67728 /* DashboardView.swift in Sources */ = {isa = PBXBuildFile; fileRef = 1E9E5BFC24E46DF600A67728 /* DashboardView.swift */; };
		1E9E5BFF24E46E0F00A67728 /* MessagesView.swift in Sources */ = {isa = PBXBuildFile; fileRef = 1E9E5BFE24E46E0F00A67728 /* MessagesView.swift */; };
		1E9E5C0124E46E3100A67728 /* TasksView.swift in Sources */ = {isa = PBXBuildFile; fileRef = 1E9E5C0024E46E3100A67728 /* TasksView.swift */; };
		1E9E5C0324E46EA000A67728 /* ToolsView.swift in Sources */ = {isa = PBXBuildFile; fileRef = 1E9E5C0224E46EA000A67728 /* ToolsView.swift */; };
		1E9E5C0524E4716E00A67728 /* TabItem.swift in Sources */ = {isa = PBXBuildFile; fileRef = 1E9E5C0424E4716E00A67728 /* TabItem.swift */; };
		1EE4CFF625151B7D0085414A /* ViewController.swift in Sources */ = {isa = PBXBuildFile; fileRef = 1EE4CFF525151B7D0085414A /* ViewController.swift */; };
		1EE4CFF825151EBA0085414A /* Storyboard.storyboard in Resources */ = {isa = PBXBuildFile; fileRef = 1EE4CFF725151EBA0085414A /* Storyboard.storyboard */; };
		1EE4D00E25156FFD0085414A /* MainHomeView.swift in Sources */ = {isa = PBXBuildFile; fileRef = 1EE4D00D25156FFD0085414A /* MainHomeView.swift */; };
		1EE4D014251571260085414A /* SpinnerViewController.swift in Sources */ = {isa = PBXBuildFile; fileRef = 1EE4D013251571260085414A /* SpinnerViewController.swift */; };
		1EE4D016251574210085414A /* AppleConnectFacadeLayer.swift in Sources */ = {isa = PBXBuildFile; fileRef = 1EE4D015251574210085414A /* AppleConnectFacadeLayer.swift */; };
		1EE4D018251574890085414A /* AppleConnectDidCancelView.swift in Sources */ = {isa = PBXBuildFile; fileRef = 1EE4D017251574890085414A /* AppleConnectDidCancelView.swift */; };
		1EE4D02E2515795C0085414A /* Session.swift in Sources */ = {isa = PBXBuildFile; fileRef = 1EE4D02D2515795C0085414A /* Session.swift */; };
		1EE4D030251579C60085414A /* AppleConnectHelper.swift in Sources */ = {isa = PBXBuildFile; fileRef = 1EE4D02F251579C60085414A /* AppleConnectHelper.swift */; };
		1EF492CA24E8749C00FBFDA5 /* Strings.swift in Sources */ = {isa = PBXBuildFile; fileRef = 1EF492C924E8749C00FBFDA5 /* Strings.swift */; };
		1EF492CB24E8749C00FBFDA5 /* Strings.swift in Sources */ = {isa = PBXBuildFile; fileRef = 1EF492C924E8749C00FBFDA5 /* Strings.swift */; };
		1EF492D224E8833300FBFDA5 /* Tasks.json in Resources */ = {isa = PBXBuildFile; fileRef = 1EF492D124E8833300FBFDA5 /* Tasks.json */; };
		1EF492D324E8833300FBFDA5 /* Tasks.json in Resources */ = {isa = PBXBuildFile; fileRef = 1EF492D124E8833300FBFDA5 /* Tasks.json */; };
		1EF492D624E9B5AD00FBFDA5 /* ActivityIndicatorView.swift in Sources */ = {isa = PBXBuildFile; fileRef = 1EF492D524E9B5AD00FBFDA5 /* ActivityIndicatorView.swift */; };
		1EF492D724E9B5AD00FBFDA5 /* ActivityIndicatorView.swift in Sources */ = {isa = PBXBuildFile; fileRef = 1EF492D524E9B5AD00FBFDA5 /* ActivityIndicatorView.swift */; };
		1EF492D924E9BA4C00FBFDA5 /* TasksViewTest.swift in Sources */ = {isa = PBXBuildFile; fileRef = 1EF492D824E9BA4C00FBFDA5 /* TasksViewTest.swift */; };
		1EF492DA24E9BB7800FBFDA5 /* TasksViewModel.swift in Sources */ = {isa = PBXBuildFile; fileRef = 1E4AD20E24E867A20051CA4C /* TasksViewModel.swift */; };
		1EF492DB24E9BC6800FBFDA5 /* TasksView.swift in Sources */ = {isa = PBXBuildFile; fileRef = 1E9E5C0024E46E3100A67728 /* TasksView.swift */; };
		1EF492DC24E9BCD100FBFDA5 /* ListViewWithHeader.swift in Sources */ = {isa = PBXBuildFile; fileRef = 1E9E5BF924E45E2800A67728 /* ListViewWithHeader.swift */; };
		1EF492DD24E9BCD100FBFDA5 /* ActivityIndicatorView.swift in Sources */ = {isa = PBXBuildFile; fileRef = 1EF492D524E9B5AD00FBFDA5 /* ActivityIndicatorView.swift */; };
		1EF492DE24E9BCD100FBFDA5 /* TabItem.swift in Sources */ = {isa = PBXBuildFile; fileRef = 1E9E5C0424E4716E00A67728 /* TabItem.swift */; };
		1EF492DF24E9BCD100FBFDA5 /* ButtonView.swift in Sources */ = {isa = PBXBuildFile; fileRef = 1E9E5BF424E454E000A67728 /* ButtonView.swift */; };
		1EF492E024E9BCD100FBFDA5 /* MessagesView.swift in Sources */ = {isa = PBXBuildFile; fileRef = 1E9E5BFE24E46E0F00A67728 /* MessagesView.swift */; };
		1EF492E124E9BCD100FBFDA5 /* DashboardView.swift in Sources */ = {isa = PBXBuildFile; fileRef = 1E9E5BFC24E46DF600A67728 /* DashboardView.swift */; };
		1EF492E224E9BCD100FBFDA5 /* SearchBar.swift in Sources */ = {isa = PBXBuildFile; fileRef = 1E9E5BF624E4555C00A67728 /* SearchBar.swift */; };
		1EF492E324E9BCD100FBFDA5 /* ToolsView.swift in Sources */ = {isa = PBXBuildFile; fileRef = 1E9E5C0224E46EA000A67728 /* ToolsView.swift */; };
		1EF492E424E9BCD900FBFDA5 /* TasksNetworkService.swift in Sources */ = {isa = PBXBuildFile; fileRef = 1E4AD21524E86C1B0051CA4C /* TasksNetworkService.swift */; };
		1EF492E524E9BCF100FBFDA5 /* Strings.swift in Sources */ = {isa = PBXBuildFile; fileRef = 1EF492C924E8749C00FBFDA5 /* Strings.swift */; };
		1EF492E624E9BCF500FBFDA5 /* TasksModel.swift in Sources */ = {isa = PBXBuildFile; fileRef = 1E4AD21824E86F450051CA4C /* TasksModel.swift */; };
		1EF492E724E9BD2D00FBFDA5 /* Tasks.json in Resources */ = {isa = PBXBuildFile; fileRef = 1EF492D124E8833300FBFDA5 /* Tasks.json */; };
		1EF492F924EA13CB00FBFDA5 /* ViewLifeCycle.swift in Sources */ = {isa = PBXBuildFile; fileRef = 1EF492F824EA13CB00FBFDA5 /* ViewLifeCycle.swift */; };
		1EF492FA24EA13CB00FBFDA5 /* ViewLifeCycle.swift in Sources */ = {isa = PBXBuildFile; fileRef = 1EF492F824EA13CB00FBFDA5 /* ViewLifeCycle.swift */; };
		1EF492FB24EA13CB00FBFDA5 /* ViewLifeCycle.swift in Sources */ = {isa = PBXBuildFile; fileRef = 1EF492F824EA13CB00FBFDA5 /* ViewLifeCycle.swift */; };
		1EF492FC24EA13CB00FBFDA5 /* ViewLifeCycle.swift in Sources */ = {isa = PBXBuildFile; fileRef = 1EF492F824EA13CB00FBFDA5 /* ViewLifeCycle.swift */; };
/* End PBXBuildFile section */

/* Begin PBXContainerItemProxy section */
		1E9E5BCE24E454AA00A67728 /* PBXContainerItemProxy */ = {
			isa = PBXContainerItemProxy;
			containerPortal = 1E9E5BB124E454A700A67728 /* Project object */;
			proxyType = 1;
			remoteGlobalIDString = 1E9E5BBC24E454AA00A67728;
			remoteInfo = "ToDoList (iOS)";
		};
		1E9E5BD924E454AA00A67728 /* PBXContainerItemProxy */ = {
			isa = PBXContainerItemProxy;
			containerPortal = 1E9E5BB124E454A700A67728 /* Project object */;
			proxyType = 1;
			remoteGlobalIDString = 1E9E5BC424E454AA00A67728;
			remoteInfo = "ToDoList (macOS)";
		};
/* End PBXContainerItemProxy section */

/* Begin PBXCopyFilesBuildPhase section */
		1E5FE689251432B800D08F42 /* Embed Frameworks */ = {
			isa = PBXCopyFilesBuildPhase;
			buildActionMask = 2147483647;
			dstPath = "";
			dstSubfolderSpec = 10;
			files = (
				1E5FE688251432B800D08F42 /* AppleConnectClient.xcframework in Embed Frameworks */,
			);
			name = "Embed Frameworks";
			runOnlyForDeploymentPostprocessing = 0;
		};
/* End PBXCopyFilesBuildPhase section */

/* Begin PBXFileReference section */
		1E35C4E224EC8AF80086D25C /* CollectionViewCell.swift */ = {isa = PBXFileReference; lastKnownFileType = sourcecode.swift; path = CollectionViewCell.swift; sourceTree = "<group>"; };
		1E4AD20E24E867A20051CA4C /* TasksViewModel.swift */ = {isa = PBXFileReference; lastKnownFileType = sourcecode.swift; path = TasksViewModel.swift; sourceTree = "<group>"; };
		1E4AD21524E86C1B0051CA4C /* TasksNetworkService.swift */ = {isa = PBXFileReference; lastKnownFileType = sourcecode.swift; path = TasksNetworkService.swift; sourceTree = "<group>"; };
		1E4AD21824E86F450051CA4C /* TasksModel.swift */ = {isa = PBXFileReference; lastKnownFileType = sourcecode.swift; path = TasksModel.swift; sourceTree = "<group>"; };
		1E59DF9D25081FB400C06991 /* schema.graphql */ = {isa = PBXFileReference; lastKnownFileType = text; path = schema.graphql; sourceTree = "<group>"; };
		1E5FE686251432B800D08F42 /* AppleConnectClient.xcframework */ = {isa = PBXFileReference; lastKnownFileType = wrapper.xcframework; name = AppleConnectClient.xcframework; path = "../../Downloads/AppleConnectClientDistribution 2/Samples/iOS/ACMInternalSample/AppleConnectClient.xcframework"; sourceTree = "<group>"; };
		1E9E5BB624E454A800A67728 /* ToDoListApp.swift */ = {isa = PBXFileReference; lastKnownFileType = sourcecode.swift; path = ToDoListApp.swift; sourceTree = "<group>"; };
		1E9E5BB724E454A800A67728 /* ContentView.swift */ = {isa = PBXFileReference; lastKnownFileType = sourcecode.swift; path = ContentView.swift; sourceTree = "<group>"; };
		1E9E5BB824E454AA00A67728 /* Assets.xcassets */ = {isa = PBXFileReference; lastKnownFileType = folder.assetcatalog; path = Assets.xcassets; sourceTree = "<group>"; };
		1E9E5BBD24E454AA00A67728 /* ToDoList.app */ = {isa = PBXFileReference; explicitFileType = wrapper.application; includeInIndex = 0; path = ToDoList.app; sourceTree = BUILT_PRODUCTS_DIR; };
		1E9E5BC024E454AA00A67728 /* Info.plist */ = {isa = PBXFileReference; lastKnownFileType = text.plist.xml; path = Info.plist; sourceTree = "<group>"; };
		1E9E5BC524E454AA00A67728 /* ToDoList.app */ = {isa = PBXFileReference; explicitFileType = wrapper.application; includeInIndex = 0; path = ToDoList.app; sourceTree = BUILT_PRODUCTS_DIR; };
		1E9E5BC724E454AA00A67728 /* Info.plist */ = {isa = PBXFileReference; lastKnownFileType = text.plist.xml; path = Info.plist; sourceTree = "<group>"; };
		1E9E5BC824E454AA00A67728 /* macOS.entitlements */ = {isa = PBXFileReference; lastKnownFileType = text.plist.entitlements; path = macOS.entitlements; sourceTree = "<group>"; };
		1E9E5BCD24E454AA00A67728 /* Tests iOS.xctest */ = {isa = PBXFileReference; explicitFileType = wrapper.cfbundle; includeInIndex = 0; path = "Tests iOS.xctest"; sourceTree = BUILT_PRODUCTS_DIR; };
		1E9E5BD124E454AA00A67728 /* Tests_iOS.swift */ = {isa = PBXFileReference; lastKnownFileType = sourcecode.swift; path = Tests_iOS.swift; sourceTree = "<group>"; };
		1E9E5BD324E454AA00A67728 /* Info.plist */ = {isa = PBXFileReference; lastKnownFileType = text.plist.xml; path = Info.plist; sourceTree = "<group>"; };
		1E9E5BD824E454AA00A67728 /* Tests macOS.xctest */ = {isa = PBXFileReference; explicitFileType = wrapper.cfbundle; includeInIndex = 0; path = "Tests macOS.xctest"; sourceTree = BUILT_PRODUCTS_DIR; };
		1E9E5BDC24E454AA00A67728 /* Tests_macOS.swift */ = {isa = PBXFileReference; lastKnownFileType = sourcecode.swift; path = Tests_macOS.swift; sourceTree = "<group>"; };
		1E9E5BDE24E454AA00A67728 /* Info.plist */ = {isa = PBXFileReference; lastKnownFileType = text.plist.xml; path = Info.plist; sourceTree = "<group>"; };
		1E9E5BF424E454E000A67728 /* ButtonView.swift */ = {isa = PBXFileReference; lastKnownFileType = sourcecode.swift; path = ButtonView.swift; sourceTree = "<group>"; };
		1E9E5BF624E4555C00A67728 /* SearchBar.swift */ = {isa = PBXFileReference; lastKnownFileType = sourcecode.swift; path = SearchBar.swift; sourceTree = "<group>"; };
		1E9E5BF924E45E2800A67728 /* ListViewWithHeader.swift */ = {isa = PBXFileReference; lastKnownFileType = sourcecode.swift; path = ListViewWithHeader.swift; sourceTree = "<group>"; };
		1E9E5BFC24E46DF600A67728 /* DashboardView.swift */ = {isa = PBXFileReference; lastKnownFileType = sourcecode.swift; path = DashboardView.swift; sourceTree = "<group>"; };
		1E9E5BFE24E46E0F00A67728 /* MessagesView.swift */ = {isa = PBXFileReference; lastKnownFileType = sourcecode.swift; path = MessagesView.swift; sourceTree = "<group>"; };
		1E9E5C0024E46E3100A67728 /* TasksView.swift */ = {isa = PBXFileReference; lastKnownFileType = sourcecode.swift; path = TasksView.swift; sourceTree = "<group>"; };
		1E9E5C0224E46EA000A67728 /* ToolsView.swift */ = {isa = PBXFileReference; lastKnownFileType = sourcecode.swift; path = ToolsView.swift; sourceTree = "<group>"; };
		1E9E5C0424E4716E00A67728 /* TabItem.swift */ = {isa = PBXFileReference; lastKnownFileType = sourcecode.swift; path = TabItem.swift; sourceTree = "<group>"; };
		1EE4CFF525151B7D0085414A /* ViewController.swift */ = {isa = PBXFileReference; fileEncoding = 4; lastKnownFileType = sourcecode.swift; path = ViewController.swift; sourceTree = "<group>"; };
		1EE4CFF725151EBA0085414A /* Storyboard.storyboard */ = {isa = PBXFileReference; lastKnownFileType = file.storyboard; path = Storyboard.storyboard; sourceTree = "<group>"; };
		1EE4D00D25156FFD0085414A /* MainHomeView.swift */ = {isa = PBXFileReference; lastKnownFileType = sourcecode.swift; path = MainHomeView.swift; sourceTree = "<group>"; };
		1EE4D013251571260085414A /* SpinnerViewController.swift */ = {isa = PBXFileReference; lastKnownFileType = sourcecode.swift; path = SpinnerViewController.swift; sourceTree = "<group>"; };
		1EE4D015251574210085414A /* AppleConnectFacadeLayer.swift */ = {isa = PBXFileReference; lastKnownFileType = sourcecode.swift; path = AppleConnectFacadeLayer.swift; sourceTree = "<group>"; };
		1EE4D017251574890085414A /* AppleConnectDidCancelView.swift */ = {isa = PBXFileReference; lastKnownFileType = sourcecode.swift; path = AppleConnectDidCancelView.swift; sourceTree = "<group>"; };
		1EE4D02D2515795C0085414A /* Session.swift */ = {isa = PBXFileReference; lastKnownFileType = sourcecode.swift; path = Session.swift; sourceTree = "<group>"; };
		1EE4D02F251579C60085414A /* AppleConnectHelper.swift */ = {isa = PBXFileReference; lastKnownFileType = sourcecode.swift; path = AppleConnectHelper.swift; sourceTree = "<group>"; };
		1EF492C924E8749C00FBFDA5 /* Strings.swift */ = {isa = PBXFileReference; lastKnownFileType = sourcecode.swift; path = Strings.swift; sourceTree = "<group>"; };
		1EF492D124E8833300FBFDA5 /* Tasks.json */ = {isa = PBXFileReference; lastKnownFileType = text.json; path = Tasks.json; sourceTree = "<group>"; };
		1EF492D524E9B5AD00FBFDA5 /* ActivityIndicatorView.swift */ = {isa = PBXFileReference; lastKnownFileType = sourcecode.swift; path = ActivityIndicatorView.swift; sourceTree = "<group>"; };
		1EF492D824E9BA4C00FBFDA5 /* TasksViewTest.swift */ = {isa = PBXFileReference; lastKnownFileType = sourcecode.swift; path = TasksViewTest.swift; sourceTree = "<group>"; };
		1EF492EE24E9F10200FBFDA5 /* NetworkExtension.framework */ = {isa = PBXFileReference; lastKnownFileType = wrapper.framework; name = NetworkExtension.framework; path = Platforms/iPhoneOS.platform/Developer/SDKs/iPhoneOS14.0.sdk/System/Library/Frameworks/NetworkExtension.framework; sourceTree = DEVELOPER_DIR; };
		1EF492F824EA13CB00FBFDA5 /* ViewLifeCycle.swift */ = {isa = PBXFileReference; lastKnownFileType = sourcecode.swift; path = ViewLifeCycle.swift; sourceTree = "<group>"; };
/* End PBXFileReference section */

/* Begin PBXFrameworksBuildPhase section */
		1E9E5BBA24E454AA00A67728 /* Frameworks */ = {
			isa = PBXFrameworksBuildPhase;
			buildActionMask = 2147483647;
			files = (
				1E5FE687251432B800D08F42 /* AppleConnectClient.xcframework in Frameworks */,
			);
			runOnlyForDeploymentPostprocessing = 0;
		};
		1E9E5BC224E454AA00A67728 /* Frameworks */ = {
			isa = PBXFrameworksBuildPhase;
			buildActionMask = 2147483647;
			files = (
			);
			runOnlyForDeploymentPostprocessing = 0;
		};
		1E9E5BCA24E454AA00A67728 /* Frameworks */ = {
			isa = PBXFrameworksBuildPhase;
			buildActionMask = 2147483647;
			files = (
			);
			runOnlyForDeploymentPostprocessing = 0;
		};
		1E9E5BD524E454AA00A67728 /* Frameworks */ = {
			isa = PBXFrameworksBuildPhase;
			buildActionMask = 2147483647;
			files = (
			);
			runOnlyForDeploymentPostprocessing = 0;
		};
/* End PBXFrameworksBuildPhase section */

/* Begin PBXGroup section */
		1E4AD21124E868DB0051CA4C /* Mac */ = {
			isa = PBXGroup;
			children = (
			);
			path = Mac;
			sourceTree = "<group>";
		};
		1E4AD21224E8694E0051CA4C /* ViewModel */ = {
			isa = PBXGroup;
			children = (
				1E4AD20E24E867A20051CA4C /* TasksViewModel.swift */,
			);
			path = ViewModel;
			sourceTree = "<group>";
		};
		1E4AD21324E869650051CA4C /* Network */ = {
			isa = PBXGroup;
			children = (
				1E4AD21524E86C1B0051CA4C /* TasksNetworkService.swift */,
				1EE4D02F251579C60085414A /* AppleConnectHelper.swift */,
			);
			path = Network;
			sourceTree = "<group>";
		};
		1E4AD21424E869780051CA4C /* Model */ = {
			isa = PBXGroup;
			children = (
				1E4AD21824E86F450051CA4C /* TasksModel.swift */,
				1EE4D02D2515795C0085414A /* Session.swift */,
			);
			path = Model;
			sourceTree = "<group>";
		};
		1E9E5BB024E454A700A67728 = {
			isa = PBXGroup;
			children = (
				1E9E5BB524E454A800A67728 /* Shared */,
				1E9E5BBF24E454AA00A67728 /* iOS */,
				1E9E5BC624E454AA00A67728 /* macOS */,
				1E9E5BD024E454AA00A67728 /* Tests iOS */,
				1E9E5BDB24E454AA00A67728 /* Tests macOS */,
				1E9E5BBE24E454AA00A67728 /* Products */,
				1EF492ED24E9F10200FBFDA5 /* Frameworks */,
			);
			sourceTree = "<group>";
		};
		1E9E5BB524E454A800A67728 /* Shared */ = {
			isa = PBXGroup;
			children = (
				1EF492D024E8832200FBFDA5 /* Resources */,
				1E4AD21124E868DB0051CA4C /* Mac */,
				1EF14C6724E5BF7C00B14E1B /* Shared */,
				1E9E5BF324E454D100A67728 /* iOS */,
				1E9E5BB824E454AA00A67728 /* Assets.xcassets */,
				1E59DF9D25081FB400C06991 /* schema.graphql */,
			);
			path = Shared;
			sourceTree = "<group>";
		};
		1E9E5BBE24E454AA00A67728 /* Products */ = {
			isa = PBXGroup;
			children = (
				1E9E5BBD24E454AA00A67728 /* ToDoList.app */,
				1E9E5BC524E454AA00A67728 /* ToDoList.app */,
				1E9E5BCD24E454AA00A67728 /* Tests iOS.xctest */,
				1E9E5BD824E454AA00A67728 /* Tests macOS.xctest */,
			);
			name = Products;
			sourceTree = "<group>";
		};
		1E9E5BBF24E454AA00A67728 /* iOS */ = {
			isa = PBXGroup;
			children = (
				1E9E5BC024E454AA00A67728 /* Info.plist */,
			);
			path = iOS;
			sourceTree = "<group>";
		};
		1E9E5BC624E454AA00A67728 /* macOS */ = {
			isa = PBXGroup;
			children = (
				1E9E5BC724E454AA00A67728 /* Info.plist */,
				1E9E5BC824E454AA00A67728 /* macOS.entitlements */,
			);
			path = macOS;
			sourceTree = "<group>";
		};
		1E9E5BD024E454AA00A67728 /* Tests iOS */ = {
			isa = PBXGroup;
			children = (
				1E9E5BD124E454AA00A67728 /* Tests_iOS.swift */,
				1E9E5BD324E454AA00A67728 /* Info.plist */,
				1EF492D824E9BA4C00FBFDA5 /* TasksViewTest.swift */,
			);
			path = "Tests iOS";
			sourceTree = "<group>";
		};
		1E9E5BDB24E454AA00A67728 /* Tests macOS */ = {
			isa = PBXGroup;
			children = (
				1E9E5BDC24E454AA00A67728 /* Tests_macOS.swift */,
				1E9E5BDE24E454AA00A67728 /* Info.plist */,
			);
			path = "Tests macOS";
			sourceTree = "<group>";
		};
		1E9E5BF324E454D100A67728 /* iOS */ = {
			isa = PBXGroup;
			children = (
				1EF492F724EA13B800FBFDA5 /* Protocols */,
				1E9E5BF824E45DD100A67728 /* Views */,
				1EE4CFF725151EBA0085414A /* Storyboard.storyboard */,
			);
			path = iOS;
			sourceTree = "<group>";
		};
		1E9E5BF824E45DD100A67728 /* Views */ = {
			isa = PBXGroup;
			children = (
				1EE4D012251570980085414A /* MainStartView */,
				1EF492D424E9B59C00FBFDA5 /* Common */,
				1E9E5BFB24E46DE800A67728 /* HomeScreen */,
			);
			path = Views;
			sourceTree = "<group>";
		};
		1E9E5BFB24E46DE800A67728 /* HomeScreen */ = {
			isa = PBXGroup;
			children = (
				1EE4D0112515705F0085414A /* HelperViews */,
				1EE4D00F2515702D0085414A /* HomeTabItems */,
				1EE4D0102515704B0085414A /* HomeController */,
			);
			path = HomeScreen;
			sourceTree = "<group>";
		};
		1EE4D00F2515702D0085414A /* HomeTabItems */ = {
			isa = PBXGroup;
			children = (
				1E9E5BFC24E46DF600A67728 /* DashboardView.swift */,
				1E9E5BFE24E46E0F00A67728 /* MessagesView.swift */,
				1E9E5C0024E46E3100A67728 /* TasksView.swift */,
				1E9E5C0224E46EA000A67728 /* ToolsView.swift */,
			);
			path = HomeTabItems;
			sourceTree = "<group>";
		};
		1EE4D0102515704B0085414A /* HomeController */ = {
			isa = PBXGroup;
			children = (
				1EE4D00D25156FFD0085414A /* MainHomeView.swift */,
				1EE4CFF525151B7D0085414A /* ViewController.swift */,
			);
			path = HomeController;
			sourceTree = "<group>";
		};
		1EE4D0112515705F0085414A /* HelperViews */ = {
			isa = PBXGroup;
			children = (
				1E9E5BF424E454E000A67728 /* ButtonView.swift */,
				1E9E5BF624E4555C00A67728 /* SearchBar.swift */,
				1E9E5BF924E45E2800A67728 /* ListViewWithHeader.swift */,
				1E9E5C0424E4716E00A67728 /* TabItem.swift */,
				1E35C4E224EC8AF80086D25C /* CollectionViewCell.swift */,
				1EE4D013251571260085414A /* SpinnerViewController.swift */,
				1EE4D017251574890085414A /* AppleConnectDidCancelView.swift */,
			);
			path = HelperViews;
			sourceTree = "<group>";
		};
		1EE4D012251570980085414A /* MainStartView */ = {
			isa = PBXGroup;
			children = (
				1E9E5BB624E454A800A67728 /* ToDoListApp.swift */,
				1E9E5BB724E454A800A67728 /* ContentView.swift */,
			);
			path = MainStartView;
			sourceTree = "<group>";
		};
		1EF14C6724E5BF7C00B14E1B /* Shared */ = {
			isa = PBXGroup;
			children = (
				1EF492C824E8748700FBFDA5 /* Localization */,
				1E4AD21424E869780051CA4C /* Model */,
				1E4AD21324E869650051CA4C /* Network */,
				1E4AD21224E8694E0051CA4C /* ViewModel */,
			);
			path = Shared;
			sourceTree = "<group>";
		};
		1EF492C824E8748700FBFDA5 /* Localization */ = {
			isa = PBXGroup;
			children = (
				1EF492C924E8749C00FBFDA5 /* Strings.swift */,
			);
			path = Localization;
			sourceTree = "<group>";
		};
		1EF492D024E8832200FBFDA5 /* Resources */ = {
			isa = PBXGroup;
			children = (
				1EF492D124E8833300FBFDA5 /* Tasks.json */,
			);
			path = Resources;
			sourceTree = "<group>";
		};
		1EF492D424E9B59C00FBFDA5 /* Common */ = {
			isa = PBXGroup;
			children = (
				1EF492D524E9B5AD00FBFDA5 /* ActivityIndicatorView.swift */,
			);
			path = Common;
			sourceTree = "<group>";
		};
		1EF492ED24E9F10200FBFDA5 /* Frameworks */ = {
			isa = PBXGroup;
			children = (
				1E5FE686251432B800D08F42 /* AppleConnectClient.xcframework */,
				1EF492EE24E9F10200FBFDA5 /* NetworkExtension.framework */,
			);
			name = Frameworks;
			sourceTree = "<group>";
		};
		1EF492F724EA13B800FBFDA5 /* Protocols */ = {
			isa = PBXGroup;
			children = (
				1EF492F824EA13CB00FBFDA5 /* ViewLifeCycle.swift */,
				1EE4D015251574210085414A /* AppleConnectFacadeLayer.swift */,
			);
			path = Protocols;
			sourceTree = "<group>";
		};
/* End PBXGroup section */

/* Begin PBXNativeTarget section */
		1E9E5BBC24E454AA00A67728 /* ToDoList (iOS) */ = {
			isa = PBXNativeTarget;
			buildConfigurationList = 1E9E5BE724E454AA00A67728 /* Build configuration list for PBXNativeTarget "ToDoList (iOS)" */;
			buildPhases = (
				1E9E5BB924E454AA00A67728 /* Sources */,
				1E9E5BBA24E454AA00A67728 /* Frameworks */,
				1E9E5BBB24E454AA00A67728 /* Resources */,
				1E5FE689251432B800D08F42 /* Embed Frameworks */,
			);
			buildRules = (
			);
			dependencies = (
			);
			name = "ToDoList (iOS)";
			productName = "ToDoList (iOS)";
			productReference = 1E9E5BBD24E454AA00A67728 /* ToDoList.app */;
			productType = "com.apple.product-type.application";
		};
		1E9E5BC424E454AA00A67728 /* ToDoList (macOS) */ = {
			isa = PBXNativeTarget;
			buildConfigurationList = 1E9E5BEA24E454AA00A67728 /* Build configuration list for PBXNativeTarget "ToDoList (macOS)" */;
			buildPhases = (
				1E9E5BC124E454AA00A67728 /* Sources */,
				1E9E5BC224E454AA00A67728 /* Frameworks */,
				1E9E5BC324E454AA00A67728 /* Resources */,
			);
			buildRules = (
			);
			dependencies = (
			);
			name = "ToDoList (macOS)";
			productName = "ToDoList (macOS)";
			productReference = 1E9E5BC524E454AA00A67728 /* ToDoList.app */;
			productType = "com.apple.product-type.application";
		};
		1E9E5BCC24E454AA00A67728 /* Tests iOS */ = {
			isa = PBXNativeTarget;
			buildConfigurationList = 1E9E5BED24E454AA00A67728 /* Build configuration list for PBXNativeTarget "Tests iOS" */;
			buildPhases = (
				1E9E5BC924E454AA00A67728 /* Sources */,
				1E9E5BCA24E454AA00A67728 /* Frameworks */,
				1E9E5BCB24E454AA00A67728 /* Resources */,
			);
			buildRules = (
			);
			dependencies = (
				1E9E5BCF24E454AA00A67728 /* PBXTargetDependency */,
			);
			name = "Tests iOS";
			productName = "Tests iOS";
			productReference = 1E9E5BCD24E454AA00A67728 /* Tests iOS.xctest */;
			productType = "com.apple.product-type.bundle.ui-testing";
		};
		1E9E5BD724E454AA00A67728 /* Tests macOS */ = {
			isa = PBXNativeTarget;
			buildConfigurationList = 1E9E5BF024E454AA00A67728 /* Build configuration list for PBXNativeTarget "Tests macOS" */;
			buildPhases = (
				1E9E5BD424E454AA00A67728 /* Sources */,
				1E9E5BD524E454AA00A67728 /* Frameworks */,
				1E9E5BD624E454AA00A67728 /* Resources */,
			);
			buildRules = (
			);
			dependencies = (
				1E9E5BDA24E454AA00A67728 /* PBXTargetDependency */,
			);
			name = "Tests macOS";
			productName = "Tests macOS";
			productReference = 1E9E5BD824E454AA00A67728 /* Tests macOS.xctest */;
			productType = "com.apple.product-type.bundle.ui-testing";
		};
/* End PBXNativeTarget section */

/* Begin PBXProject section */
		1E9E5BB124E454A700A67728 /* Project object */ = {
			isa = PBXProject;
			attributes = {
				LastSwiftUpdateCheck = 1200;
				LastUpgradeCheck = 1200;
				TargetAttributes = {
					1E9E5BBC24E454AA00A67728 = {
						CreatedOnToolsVersion = 12.0;
					};
					1E9E5BC424E454AA00A67728 = {
						CreatedOnToolsVersion = 12.0;
					};
					1E9E5BCC24E454AA00A67728 = {
						CreatedOnToolsVersion = 12.0;
						TestTargetID = 1E9E5BBC24E454AA00A67728;
					};
					1E9E5BD724E454AA00A67728 = {
						CreatedOnToolsVersion = 12.0;
						TestTargetID = 1E9E5BC424E454AA00A67728;
					};
				};
			};
			buildConfigurationList = 1E9E5BB424E454A700A67728 /* Build configuration list for PBXProject "ToDoList" */;
			compatibilityVersion = "Xcode 9.3";
			developmentRegion = en;
			hasScannedForEncodings = 0;
			knownRegions = (
				en,
				Base,
			);
			mainGroup = 1E9E5BB024E454A700A67728;
			productRefGroup = 1E9E5BBE24E454AA00A67728 /* Products */;
			projectDirPath = "";
			projectRoot = "";
			targets = (
				1E9E5BBC24E454AA00A67728 /* ToDoList (iOS) */,
				1E9E5BC424E454AA00A67728 /* ToDoList (macOS) */,
				1E9E5BCC24E454AA00A67728 /* Tests iOS */,
				1E9E5BD724E454AA00A67728 /* Tests macOS */,
			);
		};
/* End PBXProject section */

/* Begin PBXResourcesBuildPhase section */
		1E9E5BBB24E454AA00A67728 /* Resources */ = {
			isa = PBXResourcesBuildPhase;
			buildActionMask = 2147483647;
			files = (
				1EF492D224E8833300FBFDA5 /* Tasks.json in Resources */,
				1EE4CFF825151EBA0085414A /* Storyboard.storyboard in Resources */,
				1E59DF9E25081FB400C06991 /* schema.graphql in Resources */,
				1E9E5BE324E454AA00A67728 /* Assets.xcassets in Resources */,
			);
			runOnlyForDeploymentPostprocessing = 0;
		};
		1E9E5BC324E454AA00A67728 /* Resources */ = {
			isa = PBXResourcesBuildPhase;
			buildActionMask = 2147483647;
			files = (
				1EF492D324E8833300FBFDA5 /* Tasks.json in Resources */,
				1E59DF9F25081FB400C06991 /* schema.graphql in Resources */,
				1E9E5BE424E454AA00A67728 /* Assets.xcassets in Resources */,
			);
			runOnlyForDeploymentPostprocessing = 0;
		};
		1E9E5BCB24E454AA00A67728 /* Resources */ = {
			isa = PBXResourcesBuildPhase;
			buildActionMask = 2147483647;
			files = (
				1E59DFA025081FB400C06991 /* schema.graphql in Resources */,
				1EF492E724E9BD2D00FBFDA5 /* Tasks.json in Resources */,
			);
			runOnlyForDeploymentPostprocessing = 0;
		};
		1E9E5BD624E454AA00A67728 /* Resources */ = {
			isa = PBXResourcesBuildPhase;
			buildActionMask = 2147483647;
			files = (
				1E59DFA125081FB400C06991 /* schema.graphql in Resources */,
			);
			runOnlyForDeploymentPostprocessing = 0;
		};
/* End PBXResourcesBuildPhase section */

/* Begin PBXSourcesBuildPhase section */
		1E9E5BB924E454AA00A67728 /* Sources */ = {
			isa = PBXSourcesBuildPhase;
			buildActionMask = 2147483647;
			files = (
				1E9E5BE124E454AA00A67728 /* ContentView.swift in Sources */,
				1E4AD21624E86C1B0051CA4C /* TasksNetworkService.swift in Sources */,
				1EE4D018251574890085414A /* AppleConnectDidCancelView.swift in Sources */,
				1E35C4E324EC8AF80086D25C /* CollectionViewCell.swift in Sources */,
				1E9E5BFD24E46DF600A67728 /* DashboardView.swift in Sources */,
				1EE4D014251571260085414A /* SpinnerViewController.swift in Sources */,
				1EE4D016251574210085414A /* AppleConnectFacadeLayer.swift in Sources */,
				1E9E5BF724E4555C00A67728 /* SearchBar.swift in Sources */,
				1E9E5C0324E46EA000A67728 /* ToolsView.swift in Sources */,
				1E9E5C0124E46E3100A67728 /* TasksView.swift in Sources */,
				1EF492D624E9B5AD00FBFDA5 /* ActivityIndicatorView.swift in Sources */,
				1EE4D00E25156FFD0085414A /* MainHomeView.swift in Sources */,
				1EF492CA24E8749C00FBFDA5 /* Strings.swift in Sources */,
				1E9E5BFA24E45E2800A67728 /* ListViewWithHeader.swift in Sources */,
				1EF492F924EA13CB00FBFDA5 /* ViewLifeCycle.swift in Sources */,
				1EE4D030251579C60085414A /* AppleConnectHelper.swift in Sources */,
				1E9E5BFF24E46E0F00A67728 /* MessagesView.swift in Sources */,
				1EE4CFF625151B7D0085414A /* ViewController.swift in Sources */,
				1E4AD21924E86F450051CA4C /* TasksModel.swift in Sources */,
				1E9E5BDF24E454AA00A67728 /* ToDoListApp.swift in Sources */,
				1EE4D02E2515795C0085414A /* Session.swift in Sources */,
				1E9E5C0524E4716E00A67728 /* TabItem.swift in Sources */,
				1E9E5BF524E454E000A67728 /* ButtonView.swift in Sources */,
				1E4AD20F24E867A20051CA4C /* TasksViewModel.swift in Sources */,
			);
			runOnlyForDeploymentPostprocessing = 0;
		};
		1E9E5BC124E454AA00A67728 /* Sources */ = {
			isa = PBXSourcesBuildPhase;
			buildActionMask = 2147483647;
			files = (
				1E9E5BE224E454AA00A67728 /* ContentView.swift in Sources */,
				1EF492FA24EA13CB00FBFDA5 /* ViewLifeCycle.swift in Sources */,
				1E4AD21A24E86F450051CA4C /* TasksModel.swift in Sources */,
				1E4AD21724E86C1B0051CA4C /* TasksNetworkService.swift in Sources */,
				1E4AD21024E867A20051CA4C /* TasksViewModel.swift in Sources */,
				1EF492CB24E8749C00FBFDA5 /* Strings.swift in Sources */,
				1E9E5BE024E454AA00A67728 /* ToDoListApp.swift in Sources */,
				1EF492D724E9B5AD00FBFDA5 /* ActivityIndicatorView.swift in Sources */,
			);
			runOnlyForDeploymentPostprocessing = 0;
		};
		1E9E5BC924E454AA00A67728 /* Sources */ = {
			isa = PBXSourcesBuildPhase;
			buildActionMask = 2147483647;
			files = (
				1E9E5BD224E454AA00A67728 /* Tests_iOS.swift in Sources */,
				1EF492DA24E9BB7800FBFDA5 /* TasksViewModel.swift in Sources */,
				1E35C4E424EC8AF80086D25C /* CollectionViewCell.swift in Sources */,
				1EF492E024E9BCD100FBFDA5 /* MessagesView.swift in Sources */,
				1EF492DF24E9BCD100FBFDA5 /* ButtonView.swift in Sources */,
				1EF492DC24E9BCD100FBFDA5 /* ListViewWithHeader.swift in Sources */,
				1EF492DE24E9BCD100FBFDA5 /* TabItem.swift in Sources */,
				1EF492E524E9BCF100FBFDA5 /* Strings.swift in Sources */,
				1EF492E324E9BCD100FBFDA5 /* ToolsView.swift in Sources */,
				1EF492DD24E9BCD100FBFDA5 /* ActivityIndicatorView.swift in Sources */,
				1EF492FB24EA13CB00FBFDA5 /* ViewLifeCycle.swift in Sources */,
				1EF492E124E9BCD100FBFDA5 /* DashboardView.swift in Sources */,
				1EF492D924E9BA4C00FBFDA5 /* TasksViewTest.swift in Sources */,
				1EF492E624E9BCF500FBFDA5 /* TasksModel.swift in Sources */,
				1EF492E224E9BCD100FBFDA5 /* SearchBar.swift in Sources */,
				1EF492E424E9BCD900FBFDA5 /* TasksNetworkService.swift in Sources */,
				1EF492DB24E9BC6800FBFDA5 /* TasksView.swift in Sources */,
			);
			runOnlyForDeploymentPostprocessing = 0;
		};
		1E9E5BD424E454AA00A67728 /* Sources */ = {
			isa = PBXSourcesBuildPhase;
			buildActionMask = 2147483647;
			files = (
				1E9E5BDD24E454AA00A67728 /* Tests_macOS.swift in Sources */,
				1EF492FC24EA13CB00FBFDA5 /* ViewLifeCycle.swift in Sources */,
			);
			runOnlyForDeploymentPostprocessing = 0;
		};
/* End PBXSourcesBuildPhase section */

/* Begin PBXTargetDependency section */
		1E9E5BCF24E454AA00A67728 /* PBXTargetDependency */ = {
			isa = PBXTargetDependency;
			target = 1E9E5BBC24E454AA00A67728 /* ToDoList (iOS) */;
			targetProxy = 1E9E5BCE24E454AA00A67728 /* PBXContainerItemProxy */;
		};
		1E9E5BDA24E454AA00A67728 /* PBXTargetDependency */ = {
			isa = PBXTargetDependency;
			target = 1E9E5BC424E454AA00A67728 /* ToDoList (macOS) */;
			targetProxy = 1E9E5BD924E454AA00A67728 /* PBXContainerItemProxy */;
		};
/* End PBXTargetDependency section */

/* Begin XCBuildConfiguration section */
		1E9E5BE524E454AA00A67728 /* Debug */ = {
			isa = XCBuildConfiguration;
			buildSettings = {
				ALWAYS_SEARCH_USER_PATHS = NO;
				CLANG_ANALYZER_NONNULL = YES;
				CLANG_ANALYZER_NUMBER_OBJECT_CONVERSION = YES_AGGRESSIVE;
				CLANG_CXX_LANGUAGE_STANDARD = "gnu++14";
				CLANG_CXX_LIBRARY = "libc++";
				CLANG_ENABLE_MODULES = YES;
				CLANG_ENABLE_OBJC_ARC = YES;
				CLANG_ENABLE_OBJC_WEAK = YES;
				CLANG_WARN_BLOCK_CAPTURE_AUTORELEASING = YES;
				CLANG_WARN_BOOL_CONVERSION = YES;
				CLANG_WARN_COMMA = YES;
				CLANG_WARN_CONSTANT_CONVERSION = YES;
				CLANG_WARN_DEPRECATED_OBJC_IMPLEMENTATIONS = YES;
				CLANG_WARN_DIRECT_OBJC_ISA_USAGE = YES_ERROR;
				CLANG_WARN_DOCUMENTATION_COMMENTS = YES;
				CLANG_WARN_EMPTY_BODY = YES;
				CLANG_WARN_ENUM_CONVERSION = YES;
				CLANG_WARN_INFINITE_RECURSION = YES;
				CLANG_WARN_INT_CONVERSION = YES;
				CLANG_WARN_NON_LITERAL_NULL_CONVERSION = YES;
				CLANG_WARN_OBJC_IMPLICIT_RETAIN_SELF = YES;
				CLANG_WARN_OBJC_LITERAL_CONVERSION = YES;
				CLANG_WARN_OBJC_ROOT_CLASS = YES_ERROR;
				CLANG_WARN_QUOTED_INCLUDE_IN_FRAMEWORK_HEADER = YES;
				CLANG_WARN_RANGE_LOOP_ANALYSIS = YES;
				CLANG_WARN_STRICT_PROTOTYPES = YES;
				CLANG_WARN_SUSPICIOUS_MOVE = YES;
				CLANG_WARN_UNGUARDED_AVAILABILITY = YES_AGGRESSIVE;
				CLANG_WARN_UNREACHABLE_CODE = YES;
				CLANG_WARN__DUPLICATE_METHOD_MATCH = YES;
				COPY_PHASE_STRIP = NO;
				DEBUG_INFORMATION_FORMAT = dwarf;
				ENABLE_STRICT_OBJC_MSGSEND = YES;
				ENABLE_TESTABILITY = YES;
				GCC_C_LANGUAGE_STANDARD = gnu11;
				GCC_DYNAMIC_NO_PIC = NO;
				GCC_NO_COMMON_BLOCKS = YES;
				GCC_OPTIMIZATION_LEVEL = 0;
				GCC_PREPROCESSOR_DEFINITIONS = (
					"DEBUG=1",
					"$(inherited)",
				);
				GCC_WARN_64_TO_32_BIT_CONVERSION = YES;
				GCC_WARN_ABOUT_RETURN_TYPE = YES_ERROR;
				GCC_WARN_UNDECLARED_SELECTOR = YES;
				GCC_WARN_UNINITIALIZED_AUTOS = YES_AGGRESSIVE;
				GCC_WARN_UNUSED_FUNCTION = YES;
				GCC_WARN_UNUSED_VARIABLE = YES;
				MTL_ENABLE_DEBUG_INFO = INCLUDE_SOURCE;
				MTL_FAST_MATH = YES;
				ONLY_ACTIVE_ARCH = YES;
				SWIFT_ACTIVE_COMPILATION_CONDITIONS = DEBUG;
				SWIFT_OPTIMIZATION_LEVEL = "-Onone";
			};
			name = Debug;
		};
		1E9E5BE624E454AA00A67728 /* Release */ = {
			isa = XCBuildConfiguration;
			buildSettings = {
				ALWAYS_SEARCH_USER_PATHS = NO;
				CLANG_ANALYZER_NONNULL = YES;
				CLANG_ANALYZER_NUMBER_OBJECT_CONVERSION = YES_AGGRESSIVE;
				CLANG_CXX_LANGUAGE_STANDARD = "gnu++14";
				CLANG_CXX_LIBRARY = "libc++";
				CLANG_ENABLE_MODULES = YES;
				CLANG_ENABLE_OBJC_ARC = YES;
				CLANG_ENABLE_OBJC_WEAK = YES;
				CLANG_WARN_BLOCK_CAPTURE_AUTORELEASING = YES;
				CLANG_WARN_BOOL_CONVERSION = YES;
				CLANG_WARN_COMMA = YES;
				CLANG_WARN_CONSTANT_CONVERSION = YES;
				CLANG_WARN_DEPRECATED_OBJC_IMPLEMENTATIONS = YES;
				CLANG_WARN_DIRECT_OBJC_ISA_USAGE = YES_ERROR;
				CLANG_WARN_DOCUMENTATION_COMMENTS = YES;
				CLANG_WARN_EMPTY_BODY = YES;
				CLANG_WARN_ENUM_CONVERSION = YES;
				CLANG_WARN_INFINITE_RECURSION = YES;
				CLANG_WARN_INT_CONVERSION = YES;
				CLANG_WARN_NON_LITERAL_NULL_CONVERSION = YES;
				CLANG_WARN_OBJC_IMPLICIT_RETAIN_SELF = YES;
				CLANG_WARN_OBJC_LITERAL_CONVERSION = YES;
				CLANG_WARN_OBJC_ROOT_CLASS = YES_ERROR;
				CLANG_WARN_QUOTED_INCLUDE_IN_FRAMEWORK_HEADER = YES;
				CLANG_WARN_RANGE_LOOP_ANALYSIS = YES;
				CLANG_WARN_STRICT_PROTOTYPES = YES;
				CLANG_WARN_SUSPICIOUS_MOVE = YES;
				CLANG_WARN_UNGUARDED_AVAILABILITY = YES_AGGRESSIVE;
				CLANG_WARN_UNREACHABLE_CODE = YES;
				CLANG_WARN__DUPLICATE_METHOD_MATCH = YES;
				COPY_PHASE_STRIP = NO;
				DEBUG_INFORMATION_FORMAT = "dwarf-with-dsym";
				ENABLE_NS_ASSERTIONS = NO;
				ENABLE_STRICT_OBJC_MSGSEND = YES;
				GCC_C_LANGUAGE_STANDARD = gnu11;
				GCC_NO_COMMON_BLOCKS = YES;
				GCC_WARN_64_TO_32_BIT_CONVERSION = YES;
				GCC_WARN_ABOUT_RETURN_TYPE = YES_ERROR;
				GCC_WARN_UNDECLARED_SELECTOR = YES;
				GCC_WARN_UNINITIALIZED_AUTOS = YES_AGGRESSIVE;
				GCC_WARN_UNUSED_FUNCTION = YES;
				GCC_WARN_UNUSED_VARIABLE = YES;
				MTL_ENABLE_DEBUG_INFO = NO;
				MTL_FAST_MATH = YES;
				SWIFT_COMPILATION_MODE = wholemodule;
				SWIFT_OPTIMIZATION_LEVEL = "-O";
			};
			name = Release;
		};
		1E9E5BE824E454AA00A67728 /* Debug */ = {
			isa = XCBuildConfiguration;
			buildSettings = {
				ASSETCATALOG_COMPILER_APPICON_NAME = AppIcon;
				ASSETCATALOG_COMPILER_GLOBAL_ACCENT_COLOR_NAME = AccentColor;
				CODE_SIGN_STYLE = Automatic;
				DEVELOPMENT_TEAM = 276TT98E76;
				ENABLE_PREVIEWS = YES;
				FRAMEWORK_SEARCH_PATHS = (
					"$(inherited)",
					"$(PROJECT_DIR)",
				);
				INFOPLIST_FILE = iOS/Info.plist;
				IPHONEOS_DEPLOYMENT_TARGET = 14.0;
				LD_RUNPATH_SEARCH_PATHS = (
					"$(inherited)",
					"@executable_path/Frameworks",
				);
				PRODUCT_BUNDLE_IDENTIFIER = com.todolist.ToDoList;
				PRODUCT_NAME = ToDoList;
				SDKROOT = iphoneos;
				SWIFT_VERSION = 5.0;
				TARGETED_DEVICE_FAMILY = "1,2";
			};
			name = Debug;
		};
		1E9E5BE924E454AA00A67728 /* Release */ = {
			isa = XCBuildConfiguration;
			buildSettings = {
				ASSETCATALOG_COMPILER_APPICON_NAME = AppIcon;
				ASSETCATALOG_COMPILER_GLOBAL_ACCENT_COLOR_NAME = AccentColor;
				CODE_SIGN_STYLE = Automatic;
				DEVELOPMENT_TEAM = 276TT98E76;
				ENABLE_PREVIEWS = YES;
				FRAMEWORK_SEARCH_PATHS = (
					"$(inherited)",
					"$(PROJECT_DIR)",
				);
				INFOPLIST_FILE = iOS/Info.plist;
				IPHONEOS_DEPLOYMENT_TARGET = 14.0;
				LD_RUNPATH_SEARCH_PATHS = (
					"$(inherited)",
					"@executable_path/Frameworks",
				);
				PRODUCT_BUNDLE_IDENTIFIER = com.todolist.ToDoList;
				PRODUCT_NAME = ToDoList;
				SDKROOT = iphoneos;
				SWIFT_VERSION = 5.0;
				TARGETED_DEVICE_FAMILY = "1,2";
				VALIDATE_PRODUCT = YES;
			};
			name = Release;
		};
		1E9E5BEB24E454AA00A67728 /* Debug */ = {
			isa = XCBuildConfiguration;
			buildSettings = {
				ASSETCATALOG_COMPILER_APPICON_NAME = AppIcon;
				ASSETCATALOG_COMPILER_GLOBAL_ACCENT_COLOR_NAME = AccentColor;
				CODE_SIGN_ENTITLEMENTS = macOS/macOS.entitlements;
				CODE_SIGN_STYLE = Automatic;
				COMBINE_HIDPI_IMAGES = YES;
				DEVELOPMENT_TEAM = 276TT98E76;
				ENABLE_HARDENED_RUNTIME = YES;
				ENABLE_PREVIEWS = YES;
				INFOPLIST_FILE = macOS/Info.plist;
				LD_RUNPATH_SEARCH_PATHS = (
					"$(inherited)",
					"@executable_path/../Frameworks",
				);
				MACOSX_DEPLOYMENT_TARGET = 11.0;
				PRODUCT_BUNDLE_IDENTIFIER = com.todolist.ToDoList;
				PRODUCT_NAME = ToDoList;
				SDKROOT = macosx;
				SWIFT_VERSION = 5.0;
			};
			name = Debug;
		};
		1E9E5BEC24E454AA00A67728 /* Release */ = {
			isa = XCBuildConfiguration;
			buildSettings = {
				ASSETCATALOG_COMPILER_APPICON_NAME = AppIcon;
				ASSETCATALOG_COMPILER_GLOBAL_ACCENT_COLOR_NAME = AccentColor;
				CODE_SIGN_ENTITLEMENTS = macOS/macOS.entitlements;
				CODE_SIGN_STYLE = Automatic;
				COMBINE_HIDPI_IMAGES = YES;
				DEVELOPMENT_TEAM = 276TT98E76;
				ENABLE_HARDENED_RUNTIME = YES;
				ENABLE_PREVIEWS = YES;
				INFOPLIST_FILE = macOS/Info.plist;
				LD_RUNPATH_SEARCH_PATHS = (
					"$(inherited)",
					"@executable_path/../Frameworks",
				);
				MACOSX_DEPLOYMENT_TARGET = 11.0;
				PRODUCT_BUNDLE_IDENTIFIER = com.todolist.ToDoList;
				PRODUCT_NAME = ToDoList;
				SDKROOT = macosx;
				SWIFT_VERSION = 5.0;
			};
			name = Release;
		};
		1E9E5BEE24E454AA00A67728 /* Debug */ = {
			isa = XCBuildConfiguration;
			buildSettings = {
				ALWAYS_EMBED_SWIFT_STANDARD_LIBRARIES = YES;
				CODE_SIGN_STYLE = Automatic;
				DEVELOPMENT_TEAM = 276TT98E76;
				INFOPLIST_FILE = "Tests iOS/Info.plist";
				IPHONEOS_DEPLOYMENT_TARGET = 14.0;
				LD_RUNPATH_SEARCH_PATHS = (
					"$(inherited)",
					"@executable_path/Frameworks",
					"@loader_path/Frameworks",
				);
				PRODUCT_BUNDLE_IDENTIFIER = "com.todolist.Tests-iOS";
				PRODUCT_NAME = "$(TARGET_NAME)";
				SDKROOT = iphoneos;
				SWIFT_VERSION = 5.0;
				TARGETED_DEVICE_FAMILY = "1,2";
				TEST_TARGET_NAME = "ToDoList (iOS)";
			};
			name = Debug;
		};
		1E9E5BEF24E454AA00A67728 /* Release */ = {
			isa = XCBuildConfiguration;
			buildSettings = {
				ALWAYS_EMBED_SWIFT_STANDARD_LIBRARIES = YES;
				CODE_SIGN_STYLE = Automatic;
				DEVELOPMENT_TEAM = 276TT98E76;
				INFOPLIST_FILE = "Tests iOS/Info.plist";
				IPHONEOS_DEPLOYMENT_TARGET = 14.0;
				LD_RUNPATH_SEARCH_PATHS = (
					"$(inherited)",
					"@executable_path/Frameworks",
					"@loader_path/Frameworks",
				);
				PRODUCT_BUNDLE_IDENTIFIER = "com.todolist.Tests-iOS";
				PRODUCT_NAME = "$(TARGET_NAME)";
				SDKROOT = iphoneos;
				SWIFT_VERSION = 5.0;
				TARGETED_DEVICE_FAMILY = "1,2";
				TEST_TARGET_NAME = "ToDoList (iOS)";
				VALIDATE_PRODUCT = YES;
			};
			name = Release;
		};
		1E9E5BF124E454AA00A67728 /* Debug */ = {
			isa = XCBuildConfiguration;
			buildSettings = {
				ALWAYS_EMBED_SWIFT_STANDARD_LIBRARIES = YES;
				CODE_SIGN_STYLE = Automatic;
				COMBINE_HIDPI_IMAGES = YES;
				DEVELOPMENT_TEAM = 276TT98E76;
				INFOPLIST_FILE = "Tests macOS/Info.plist";
				LD_RUNPATH_SEARCH_PATHS = (
					"$(inherited)",
					"@executable_path/../Frameworks",
					"@loader_path/../Frameworks",
				);
				MACOSX_DEPLOYMENT_TARGET = 11.0;
				PRODUCT_BUNDLE_IDENTIFIER = "com.todolist.Tests-macOS";
				PRODUCT_NAME = "$(TARGET_NAME)";
				SDKROOT = macosx;
				SWIFT_VERSION = 5.0;
				TEST_TARGET_NAME = "ToDoList (macOS)";
			};
			name = Debug;
		};
		1E9E5BF224E454AA00A67728 /* Release */ = {
			isa = XCBuildConfiguration;
			buildSettings = {
				ALWAYS_EMBED_SWIFT_STANDARD_LIBRARIES = YES;
				CODE_SIGN_STYLE = Automatic;
				COMBINE_HIDPI_IMAGES = YES;
				DEVELOPMENT_TEAM = 276TT98E76;
				INFOPLIST_FILE = "Tests macOS/Info.plist";
				LD_RUNPATH_SEARCH_PATHS = (
					"$(inherited)",
					"@executable_path/../Frameworks",
					"@loader_path/../Frameworks",
				);
				MACOSX_DEPLOYMENT_TARGET = 11.0;
				PRODUCT_BUNDLE_IDENTIFIER = "com.todolist.Tests-macOS";
				PRODUCT_NAME = "$(TARGET_NAME)";
				SDKROOT = macosx;
				SWIFT_VERSION = 5.0;
				TEST_TARGET_NAME = "ToDoList (macOS)";
			};
			name = Release;
		};
/* End XCBuildConfiguration section */

/* Begin XCConfigurationList section */
		1E9E5BB424E454A700A67728 /* Build configuration list for PBXProject "ToDoList" */ = {
			isa = XCConfigurationList;
			buildConfigurations = (
				1E9E5BE524E454AA00A67728 /* Debug */,
				1E9E5BE624E454AA00A67728 /* Release */,
			);
			defaultConfigurationIsVisible = 0;
			defaultConfigurationName = Release;
		};
		1E9E5BE724E454AA00A67728 /* Build configuration list for PBXNativeTarget "ToDoList (iOS)" */ = {
			isa = XCConfigurationList;
			buildConfigurations = (
				1E9E5BE824E454AA00A67728 /* Debug */,
				1E9E5BE924E454AA00A67728 /* Release */,
			);
			defaultConfigurationIsVisible = 0;
			defaultConfigurationName = Release;
		};
		1E9E5BEA24E454AA00A67728 /* Build configuration list for PBXNativeTarget "ToDoList (macOS)" */ = {
			isa = XCConfigurationList;
			buildConfigurations = (
				1E9E5BEB24E454AA00A67728 /* Debug */,
				1E9E5BEC24E454AA00A67728 /* Release */,
			);
			defaultConfigurationIsVisible = 0;
			defaultConfigurationName = Release;
		};
		1E9E5BED24E454AA00A67728 /* Build configuration list for PBXNativeTarget "Tests iOS" */ = {
			isa = XCConfigurationList;
			buildConfigurations = (
				1E9E5BEE24E454AA00A67728 /* Debug */,
				1E9E5BEF24E454AA00A67728 /* Release */,
			);
			defaultConfigurationIsVisible = 0;
			defaultConfigurationName = Release;
		};
		1E9E5BF024E454AA00A67728 /* Build configuration list for PBXNativeTarget "Tests macOS" */ = {
			isa = XCConfigurationList;
			buildConfigurations = (
				1E9E5BF124E454AA00A67728 /* Debug */,
				1E9E5BF224E454AA00A67728 /* Release */,
			);
			defaultConfigurationIsVisible = 0;
			defaultConfigurationName = Release;
		};
/* End XCConfigurationList section */
	};
	rootObject = 1E9E5BB124E454A700A67728 /* Project object */;
}
